
Microsoft Visual Studio Solution File, Format Version 12.00
# Visual Studio Version 17
VisualStudioVersion = 17.0.32126.317
MinimumVisualStudioVersion = 10.0.40219.1
Project("{2150E333-8FDC-42A3-9474-1A3956D46DE8}") = "Solution Items", "Solution Items", "{0AB9F17A-9C71-4A0E-BC02-42014749E2A0}"
	ProjectSection(SolutionItems) = preProject
		azure-pipelines-ci.yml = azure-pipelines-ci.yml
		Directory.Build.props = Directory.Build.props
		Generate-ReleaseNotes.bat = Generate-ReleaseNotes.bat
		README.md = README.md
		ReleaseNotes.md = ReleaseNotes.md
	EndProjectSection
EndProject
Project("{9A19103F-16F7-4668-BE54-9A1E7A4F7556}") = "dotnet-coverageconverter", "dotnet-coverageconverter\dotnet-coverageconverter.csproj", "{8C8E2CA1-1F2F-4EE9-8D23-54F50B7C2B60}"
EndProject
Project("{2150E333-8FDC-42A3-9474-1A3956D46DE8}") = "src", "src", "{E8E3A515-3E80-42B7-9A91-F8087AFDDD07}"
EndProject
Project("{2150E333-8FDC-42A3-9474-1A3956D46DE8}") = "tests", "tests", "{E86CEB92-1261-424D-92AA-39B6F1556C83}"
EndProject
Global
	GlobalSection(SolutionConfigurationPlatforms) = preSolution
		Debug|Any CPU = Debug|Any CPU
		Release|Any CPU = Release|Any CPU
	EndGlobalSection
	GlobalSection(ProjectConfigurationPlatforms) = postSolution
		{8C8E2CA1-1F2F-4EE9-8D23-54F50B7C2B60}.Debug|Any CPU.ActiveCfg = Debug|Any CPU
		{8C8E2CA1-1F2F-4EE9-8D23-54F50B7C2B60}.Debug|Any CPU.Build.0 = Debug|Any CPU
		{8C8E2CA1-1F2F-4EE9-8D23-54F50B7C2B60}.Release|Any CPU.ActiveCfg = Release|Any CPU
		{8C8E2CA1-1F2F-4EE9-8D23-54F50B7C2B60}.Release|Any CPU.Build.0 = Release|Any CPU
	EndGlobalSection
	GlobalSection(SolutionProperties) = preSolution
		HideSolutionNode = FALSE
	EndGlobalSection
	GlobalSection(NestedProjects) = preSolution
		{8C8E2CA1-1F2F-4EE9-8D23-54F50B7C2B60} = {E8E3A515-3E80-42B7-9A91-F8087AFDDD07}
	EndGlobalSection
	GlobalSection(ExtensibilityGlobals) = postSolution
		SolutionGuid = {09532A90-C796-4213-9C9E-F96F8FFAECB4}
	EndGlobalSection
EndGlobal
